
Microsoft Visual Studio Solution File, Format Version 12.00
# Visual Studio Version 17
VisualStudioVersion = 17.8.34322.80
MinimumVisualStudioVersion = 10.0.40219.1
Project("{9A19103F-16F7-4668-BE54-9A1E7A4F7556}") = "KraviaTest", "KraviaTest.csproj", "{461F049D-10C0-445C-861D-B61463A677C2}"
EndProject
Global
	GlobalSection(SolutionConfigurationPlatforms) = preSolution
		Debug|Any CPU = Debug|Any CPU
		Release|Any CPU = Release|Any CPU
	EndGlobalSection
	GlobalSection(ProjectConfigurationPlatforms) = postSolution
		{461F049D-10C0-445C-861D-B61463A677C2}.Debug|Any CPU.ActiveCfg = Debug|Any CPU
		{461F049D-10C0-445C-861D-B61463A677C2}.Debug|Any CPU.Build.0 = Debug|Any CPU
		{461F049D-10C0-445C-861D-B61463A677C2}.Release|Any CPU.ActiveCfg = Release|Any CPU
		{461F049D-10C0-445C-861D-B61463A677C2}.Release|Any CPU.Build.0 = Release|Any CPU
	EndGlobalSection
	GlobalSection(SolutionProperties) = preSolution
		HideSolutionNode = FALSE
	EndGlobalSection
	GlobalSection(ExtensibilityGlobals) = postSolution
		SolutionGuid = {0DD0C274-E675-4966-BEAF-33C97B01F294}
	EndGlobalSection
EndGlobal
